
Microsoft Visual Studio Solution File, Format Version 12.00
# Visual Studio Version 16
VisualStudioVersion = 16.0.808.8
MinimumVisualStudioVersion = 10.0.40219.1
Project("{FAE04EC0-301F-11D3-BF4B-00C04F79EFBC}") = "Querys", "Querys.csproj", "{3CC48701-AFA0-4A49-9275-0162E2158C5B}"
EndProject
Global
	GlobalSection(SolutionConfigurationPlatforms) = preSolution
		Debug|Any CPU = Debug|Any CPU
		Release|Any CPU = Release|Any CPU
	EndGlobalSection
	GlobalSection(ProjectConfigurationPlatforms) = postSolution
		{3CC48701-AFA0-4A49-9275-0162E2158C5B}.Debug|Any CPU.ActiveCfg = Debug|Any CPU
		{3CC48701-AFA0-4A49-9275-0162E2158C5B}.Debug|Any CPU.Build.0 = Debug|Any CPU
		{3CC48701-AFA0-4A49-9275-0162E2158C5B}.Release|Any CPU.ActiveCfg = Release|Any CPU
		{3CC48701-AFA0-4A49-9275-0162E2158C5B}.Release|Any CPU.Build.0 = Release|Any CPU
	EndGlobalSection
	GlobalSection(SolutionProperties) = preSolution
		HideSolutionNode = FALSE
	EndGlobalSection
	GlobalSection(ExtensibilityGlobals) = postSolution
		SolutionGuid = {F4CEED91-8DF7-4B72-AAC0-1285835A194B}
	EndGlobalSection
EndGlobal
